Microsoft Visual Studio Solution File, Format Version 12.00
# Visual Studio Version 17
VisualStudioVersion = 17.5.2.0
MinimumVisualStudioVersion = 10.0.40219.1
Project("{FAE04EC0-301F-11D3-BF4B-00C04F79EFBC}") = "SistemaGestionEstudiantes", "SistemaGestionEstudiantes.csproj", "{58416137-B6C1-EA8C-5093-E1689F27CC80}"
EndProject
Global
	GlobalSection(SolutionConfigurationPlatforms) = preSolution
		Debug|Any CPU = Debug|Any CPU
		Release|Any CPU = Release|Any CPU
	EndGlobalSection
	GlobalSection(ProjectConfigurationPlatforms) = postSolution
		{58416137-B6C1-EA8C-5093-E1689F27CC80}.Debug|Any CPU.ActiveCfg = Debug|Any CPU
		{58416137-B6C1-EA8C-5093-E1689F27CC80}.Debug|Any CPU.Build.0 = Debug|Any CPU
		{58416137-B6C1-EA8C-5093-E1689F27CC80}.Release|Any CPU.ActiveCfg = Release|Any CPU
		{58416137-B6C1-EA8C-5093-E1689F27CC80}.Release|Any CPU.Build.0 = Release|Any CPU
	EndGlobalSection
	GlobalSection(SolutionProperties) = preSolution
		HideSolutionNode = FALSE
	EndGlobalSection
	GlobalSection(ExtensibilityGlobals) = postSolution
		SolutionGuid = {90A3FEF7-3302-4976-B34D-75B6EB7FE52E}
	EndGlobalSection
EndGlobal
